// !$*UTF8*$!
{
	archiveVersion = 1;
	classes = {
	};
	objectVersion = 77;
	objects = {

/* Begin PBXContainerItemProxy section */
		64513D7C2CCE0AA800F25C1B /* PBXContainerItemProxy */ = {
			isa = PBXContainerItemProxy;
			containerPortal = 64513D632CCE0AA700F25C1B /* Project object */;
			proxyType = 1;
			remoteGlobalIDString = 64513D6A2CCE0AA700F25C1B;
			remoteInfo = MalatangChallenge;
		};
		64513D862CCE0AA800F25C1B /* PBXContainerItemProxy */ = {
			isa = PBXContainerItemProxy;
			containerPortal = 64513D632CCE0AA700F25C1B /* Project object */;
			proxyType = 1;
			remoteGlobalIDString = 64513D6A2CCE0AA700F25C1B;
			remoteInfo = MalatangChallenge;
		};
/* End PBXContainerItemProxy section */

/* Begin PBXFileReference section */
		6430E2DD2CD089E4009737A4 /* Info.plist */ = {isa = PBXFileReference; lastKnownFileType = text.plist.xml; path = Info.plist; sourceTree = "<group>"; };
		64513D6B2CCE0AA700F25C1B /* MalatangChallenge.app */ = {isa = PBXFileReference; explicitFileType = wrapper.application; includeInIndex = 0; path = MalatangChallenge.app; sourceTree = BUILT_PRODUCTS_DIR; };
		64513D7B2CCE0AA800F25C1B /* MalatangChallengeTests.xctest */ = {isa = PBXFileReference; explicitFileType = wrapper.cfbundle; includeInIndex = 0; path = MalatangChallengeTests.xctest; sourceTree = BUILT_PRODUCTS_DIR; };
		64513D852CCE0AA800F25C1B /* MalatangChallengeUITests.xctest */ = {isa = PBXFileReference; explicitFileType = wrapper.cfbundle; includeInIndex = 0; path = MalatangChallengeUITests.xctest; sourceTree = BUILT_PRODUCTS_DIR; };
/* End PBXFileReference section */

/* Begin PBXFileSystemSynchronizedRootGroup section */
		64513D6D2CCE0AA700F25C1B /* MalatangChallenge */ = {
			isa = PBXFileSystemSynchronizedRootGroup;
			path = MalatangChallenge;
			sourceTree = "<group>";
		};
		64513D7E2CCE0AA800F25C1B /* MalatangChallengeTests */ = {
			isa = PBXFileSystemSynchronizedRootGroup;
			path = MalatangChallengeTests;
			sourceTree = "<group>";
		};
		64513D882CCE0AA800F25C1B /* MalatangChallengeUITests */ = {
			isa = PBXFileSystemSynchronizedRootGroup;
			path = MalatangChallengeUITests;
			sourceTree = "<group>";
		};
/* End PBXFileSystemSynchronizedRootGroup section */

/* Begin PBXFrameworksBuildPhase section */
		64513D682CCE0AA700F25C1B /* Frameworks */ = {
			isa = PBXFrameworksBuildPhase;
			buildActionMask = 2147483647;
			files = (
			);
			runOnlyForDeploymentPostprocessing = 0;
		};
		64513D782CCE0AA800F25C1B /* Frameworks */ = {
			isa = PBXFrameworksBuildPhase;
			buildActionMask = 2147483647;
			files = (
			);
			runOnlyForDeploymentPostprocessing = 0;
		};
		64513D822CCE0AA800F25C1B /* Frameworks */ = {
			isa = PBXFrameworksBuildPhase;
			buildActionMask = 2147483647;
			files = (
			);
			runOnlyForDeploymentPostprocessing = 0;
		};
/* End PBXFrameworksBuildPhase section */

/* Begin PBXGroup section */
		64513D622CCE0AA700F25C1B = {
			isa = PBXGroup;
			children = (
				6430E2DD2CD089E4009737A4 /* Info.plist */,
				64513D6D2CCE0AA700F25C1B /* MalatangChallenge */,
				64513D7E2CCE0AA800F25C1B /* MalatangChallengeTests */,
				64513D882CCE0AA800F25C1B /* MalatangChallengeUITests */,
				64513D6C2CCE0AA700F25C1B /* Products */,
			);
			sourceTree = "<group>";
		};
		64513D6C2CCE0AA700F25C1B /* Products */ = {
			isa = PBXGroup;
			children = (
				64513D6B2CCE0AA700F25C1B /* MalatangChallenge.app */,
				64513D7B2CCE0AA800F25C1B /* MalatangChallengeTests.xctest */,
				64513D852CCE0AA800F25C1B /* MalatangChallengeUITests.xctest */,
			);
			name = Products;
			sourceTree = "<group>";
		};
/* End PBXGroup section */

/* Begin PBXNativeTarget section */
		64513D6A2CCE0AA700F25C1B /* MalatangChallenge */ = {
			isa = PBXNativeTarget;
			buildConfigurationList = 64513D8F2CCE0AA800F25C1B /* Build configuration list for PBXNativeTarget "MalatangChallenge" */;
			buildPhases = (
				64513D672CCE0AA700F25C1B /* Sources */,
				64513D682CCE0AA700F25C1B /* Frameworks */,
				64513D692CCE0AA700F25C1B /* Resources */,
			);
			buildRules = (
			);
			dependencies = (
			);
			fileSystemSynchronizedGroups = (
				64513D6D2CCE0AA700F25C1B /* MalatangChallenge */,
			);
			name = MalatangChallenge;
			packageProductDependencies = (
			);
			productName = MalatangChallenge;
			productReference = 64513D6B2CCE0AA700F25C1B /* MalatangChallenge.app */;
			productType = "com.apple.product-type.application";
		};
		64513D7A2CCE0AA800F25C1B /* MalatangChallengeTests */ = {
			isa = PBXNativeTarget;
			buildConfigurationList = 64513D922CCE0AA800F25C1B /* Build configuration list for PBXNativeTarget "MalatangChallengeTests" */;
			buildPhases = (
				64513D772CCE0AA800F25C1B /* Sources */,
				64513D782CCE0AA800F25C1B /* Frameworks */,
				64513D792CCE0AA800F25C1B /* Resources */,
			);
			buildRules = (
			);
			dependencies = (
				64513D7D2CCE0AA800F25C1B /* PBXTargetDependency */,
			);
			fileSystemSynchronizedGroups = (
				64513D7E2CCE0AA800F25C1B /* MalatangChallengeTests */,
			);
			name = MalatangChallengeTests;
			packageProductDependencies = (
			);
			productName = MalatangChallengeTests;
			productReference = 64513D7B2CCE0AA800F25C1B /* MalatangChallengeTests.xctest */;
			productType = "com.apple.product-type.bundle.unit-test";
		};
		64513D842CCE0AA800F25C1B /* MalatangChallengeUITests */ = {
			isa = PBXNativeTarget;
			buildConfigurationList = 64513D952CCE0AA800F25C1B /* Build configuration list for PBXNativeTarget "MalatangChallengeUITests" */;
			buildPhases = (
				64513D812CCE0AA800F25C1B /* Sources */,
				64513D822CCE0AA800F25C1B /* Frameworks */,
				64513D832CCE0AA800F25C1B /* Resources */,
			);
			buildRules = (
			);
			dependencies = (
				64513D872CCE0AA800F25C1B /* PBXTargetDependency */,
			);
			fileSystemSynchronizedGroups = (
				64513D882CCE0AA800F25C1B /* MalatangChallengeUITests */,
			);
			name = MalatangChallengeUITests;
			packageProductDependencies = (
			);
			productName = MalatangChallengeUITests;
			productReference = 64513D852CCE0AA800F25C1B /* MalatangChallengeUITests.xctest */;
			productType = "com.apple.product-type.bundle.ui-testing";
		};
/* End PBXNativeTarget section */

/* Begin PBXProject section */
		64513D632CCE0AA700F25C1B /* Project object */ = {
			isa = PBXProject;
			attributes = {
				BuildIndependentTargetsInParallel = 1;
				LastSwiftUpdateCheck = 1600;
				LastUpgradeCheck = 1600;
				TargetAttributes = {
					64513D6A2CCE0AA700F25C1B = {
						CreatedOnToolsVersion = 16.0;
					};
					64513D7A2CCE0AA800F25C1B = {
						CreatedOnToolsVersion = 16.0;
						TestTargetID = 64513D6A2CCE0AA700F25C1B;
					};
					64513D842CCE0AA800F25C1B = {
						CreatedOnToolsVersion = 16.0;
						TestTargetID = 64513D6A2CCE0AA700F25C1B;
					};
				};
			};
			buildConfigurationList = 64513D662CCE0AA700F25C1B /* Build configuration list for PBXProject "MalatangChallenge" */;
			developmentRegion = en;
			hasScannedForEncodings = 0;
			knownRegions = (
				en,
				Base,
			);
			mainGroup = 64513D622CCE0AA700F25C1B;
			minimizedProjectReferenceProxies = 1;
			preferredProjectObjectVersion = 77;
			productRefGroup = 64513D6C2CCE0AA700F25C1B /* Products */;
			projectDirPath = "";
			projectRoot = "";
			targets = (
				64513D6A2CCE0AA700F25C1B /* MalatangChallenge */,
				64513D7A2CCE0AA800F25C1B /* MalatangChallengeTests */,
				64513D842CCE0AA800F25C1B /* MalatangChallengeUITests */,
			);
		};
/* End PBXProject section */

/* Begin PBXResourcesBuildPhase section */
		64513D692CCE0AA700F25C1B /* Resources */ = {
			isa = PBXResourcesBuildPhase;
			buildActionMask = 2147483647;
			files = (
			);
			runOnlyForDeploymentPostprocessing = 0;
		};
		64513D792CCE0AA800F25C1B /* Resources */ = {
			isa = PBXResourcesBuildPhase;
			buildActionMask = 2147483647;
			files = (
			);
			runOnlyForDeploymentPostprocessing = 0;
		};
		64513D832CCE0AA800F25C1B /* Resources */ = {
			isa = PBXResourcesBuildPhase;
			buildActionMask = 2147483647;
			files = (
			);
			runOnlyForDeploymentPostprocessing = 0;
		};
/* End PBXResourcesBuildPhase section */

/* Begin PBXSourcesBuildPhase section */
		64513D672CCE0AA700F25C1B /* Sources */ = {
			isa = PBXSourcesBuildPhase;
			buildActionMask = 2147483647;
			files = (
			);
			runOnlyForDeploymentPostprocessing = 0;
		};
		64513D772CCE0AA800F25C1B /* Sources */ = {
			isa = PBXSourcesBuildPhase;
			buildActionMask = 2147483647;
			files = (
			);
			runOnlyForDeploymentPostprocessing = 0;
		};
		64513D812CCE0AA800F25C1B /* Sources */ = {
			isa = PBXSourcesBuildPhase;
			buildActionMask = 2147483647;
			files = (
			);
			runOnlyForDeploymentPostprocessing = 0;
		};
/* End PBXSourcesBuildPhase section */

/* Begin PBXTargetDependency section */
		64513D7D2CCE0AA800F25C1B /* PBXTargetDependency */ = {
			isa = PBXTargetDependency;
			target = 64513D6A2CCE0AA700F25C1B /* MalatangChallenge */;
			targetProxy = 64513D7C2CCE0AA800F25C1B /* PBXContainerItemProxy */;
		};
		64513D872CCE0AA800F25C1B /* PBXTargetDependency */ = {
			isa = PBXTargetDependency;
			target = 64513D6A2CCE0AA700F25C1B /* MalatangChallenge */;
			targetProxy = 64513D862CCE0AA800F25C1B /* PBXContainerItemProxy */;
		};
/* End PBXTargetDependency section */

/* Begin XCBuildConfiguration section */
		64513D8D2CCE0AA800F25C1B /* Debug */ = {
			isa = XCBuildConfiguration;
			buildSettings = {
				ALWAYS_SEARCH_USER_PATHS = NO;
				ASSETCATALOG_COMPILER_GENERATE_SWIFT_ASSET_SYMBOL_EXTENSIONS = YES;
				CLANG_ANALYZER_NONNULL = YES;
				CLANG_ANALYZER_NUMBER_OBJECT_CONVERSION = YES_AGGRESSIVE;
				CLANG_CXX_LANGUAGE_STANDARD = "gnu++20";
				CLANG_ENABLE_MODULES = YES;
				CLANG_ENABLE_OBJC_ARC = YES;
				CLANG_ENABLE_OBJC_WEAK = YES;
				CLANG_WARN_BLOCK_CAPTURE_AUTORELEASING = YES;
				CLANG_WARN_BOOL_CONVERSION = YES;
				CLANG_WARN_COMMA = YES;
				CLANG_WARN_CONSTANT_CONVERSION = YES;
				CLANG_WARN_DEPRECATED_OBJC_IMPLEMENTATIONS = YES;
				CLANG_WARN_DIRECT_OBJC_ISA_USAGE = YES_ERROR;
				CLANG_WARN_DOCUMENTATION_COMMENTS = YES;
				CLANG_WARN_EMPTY_BODY = YES;
				CLANG_WARN_ENUM_CONVERSION = YES;
				CLANG_WARN_INFINITE_RECURSION = YES;
				CLANG_WARN_INT_CONVERSION = YES;
				CLANG_WARN_NON_LITERAL_NULL_CONVERSION = YES;
				CLANG_WARN_OBJC_IMPLICIT_RETAIN_SELF = YES;
				CLANG_WARN_OBJC_LITERAL_CONVERSION = YES;
				CLANG_WARN_OBJC_ROOT_CLASS = YES_ERROR;
				CLANG_WARN_QUOTED_INCLUDE_IN_FRAMEWORK_HEADER = YES;
				CLANG_WARN_RANGE_LOOP_ANALYSIS = YES;
				CLANG_WARN_STRICT_PROTOTYPES = YES;
				CLANG_WARN_SUSPICIOUS_MOVE = YES;
				CLANG_WARN_UNGUARDED_AVAILABILITY = YES_AGGRESSIVE;
				CLANG_WARN_UNREACHABLE_CODE = YES;
				CLANG_WARN__DUPLICATE_METHOD_MATCH = YES;
				COPY_PHASE_STRIP = NO;
				DEBUG_INFORMATION_FORMAT = dwarf;
				ENABLE_STRICT_OBJC_MSGSEND = YES;
				ENABLE_TESTABILITY = YES;
				ENABLE_USER_SCRIPT_SANDBOXING = YES;
				GCC_C_LANGUAGE_STANDARD = gnu17;
				GCC_DYNAMIC_NO_PIC = NO;
				GCC_NO_COMMON_BLOCKS = YES;
				GCC_OPTIMIZATION_LEVEL = 0;
				GCC_PREPROCESSOR_DEFINITIONS = (
					"DEBUG=1",
					"$(inherited)",
				);
				GCC_WARN_64_TO_32_BIT_CONVERSION = YES;
				GCC_WARN_ABOUT_RETURN_TYPE = YES_ERROR;
				GCC_WARN_UNDECLARED_SELECTOR = YES;
				GCC_WARN_UNINITIALIZED_AUTOS = YES_AGGRESSIVE;
				GCC_WARN_UNUSED_FUNCTION = YES;
				GCC_WARN_UNUSED_VARIABLE = YES;
				IPHONEOS_DEPLOYMENT_TARGET = 18.0;
				LOCALIZATION_PREFERS_STRING_CATALOGS = YES;
				MTL_ENABLE_DEBUG_INFO = INCLUDE_SOURCE;
				MTL_FAST_MATH = YES;
				ONLY_ACTIVE_ARCH = YES;
				SDKROOT = iphoneos;
				SWIFT_ACTIVE_COMPILATION_CONDITIONS = "DEBUG $(inherited)";
				SWIFT_OPTIMIZATION_LEVEL = "-Onone";
			};
			name = Debug;
		};
		64513D8E2CCE0AA800F25C1B /* Release */ = {
			isa = XCBuildConfiguration;
			buildSettings = {
				ALWAYS_SEARCH_USER_PATHS = NO;
				ASSETCATALOG_COMPILER_GENERATE_SWIFT_ASSET_SYMBOL_EXTENSIONS = YES;
				CLANG_ANALYZER_NONNULL = YES;
				CLANG_ANALYZER_NUMBER_OBJECT_CONVERSION = YES_AGGRESSIVE;
				CLANG_CXX_LANGUAGE_STANDARD = "gnu++20";
				CLANG_ENABLE_MODULES = YES;
				CLANG_ENABLE_OBJC_ARC = YES;
				CLANG_ENABLE_OBJC_WEAK = YES;
				CLANG_WARN_BLOCK_CAPTURE_AUTORELEASING = YES;
				CLANG_WARN_BOOL_CONVERSION = YES;
				CLANG_WARN_COMMA = YES;
				CLANG_WARN_CONSTANT_CONVERSION = YES;
				CLANG_WARN_DEPRECATED_OBJC_IMPLEMENTATIONS = YES;
				CLANG_WARN_DIRECT_OBJC_ISA_USAGE = YES_ERROR;
				CLANG_WARN_DOCUMENTATION_COMMENTS = YES;
				CLANG_WARN_EMPTY_BODY = YES;
				CLANG_WARN_ENUM_CONVERSION = YES;
				CLANG_WARN_INFINITE_RECURSION = YES;
				CLANG_WARN_INT_CONVERSION = YES;
				CLANG_WARN_NON_LITERAL_NULL_CONVERSION = YES;
				CLANG_WARN_OBJC_IMPLICIT_RETAIN_SELF = YES;
				CLANG_WARN_OBJC_LITERAL_CONVERSION = YES;
				CLANG_WARN_OBJC_ROOT_CLASS = YES_ERROR;
				CLANG_WARN_QUOTED_INCLUDE_IN_FRAMEWORK_HEADER = YES;
				CLANG_WARN_RANGE_LOOP_ANALYSIS = YES;
				CLANG_WARN_STRICT_PROTOTYPES = YES;
				CLANG_WARN_SUSPICIOUS_MOVE = YES;
				CLANG_WARN_UNGUARDED_AVAILABILITY = YES_AGGRESSIVE;
				CLANG_WARN_UNREACHABLE_CODE = YES;
				CLANG_WARN__DUPLICATE_METHOD_MATCH = YES;
				COPY_PHASE_STRIP = NO;
				DEBUG_INFORMATION_FORMAT = "dwarf-with-dsym";
				ENABLE_NS_ASSERTIONS = NO;
				ENABLE_STRICT_OBJC_MSGSEND = YES;
				ENABLE_USER_SCRIPT_SANDBOXING = YES;
				GCC_C_LANGUAGE_STANDARD = gnu17;
				GCC_NO_COMMON_BLOCKS = YES;
				GCC_WARN_64_TO_32_BIT_CONVERSION = YES;
				GCC_WARN_ABOUT_RETURN_TYPE = YES_ERROR;
				GCC_WARN_UNDECLARED_SELECTOR = YES;
				GCC_WARN_UNINITIALIZED_AUTOS = YES_AGGRESSIVE;
				GCC_WARN_UNUSED_FUNCTION = YES;
				GCC_WARN_UNUSED_VARIABLE = YES;
				IPHONEOS_DEPLOYMENT_TARGET = 18.0;
				LOCALIZATION_PREFERS_STRING_CATALOGS = YES;
				MTL_ENABLE_DEBUG_INFO = NO;
				MTL_FAST_MATH = YES;
				SDKROOT = iphoneos;
				SWIFT_COMPILATION_MODE = wholemodule;
				VALIDATE_PRODUCT = YES;
			};
			name = Release;
		};
		64513D902CCE0AA800F25C1B /* Debug */ = {
			isa = XCBuildConfiguration;
			buildSettings = {
				ASSETCATALOG_COMPILER_APPICON_NAME = AppIcon;
				ASSETCATALOG_COMPILER_GLOBAL_ACCENT_COLOR_NAME = AccentColor;
				CODE_SIGN_STYLE = Automatic;
				CURRENT_PROJECT_VERSION = 1;
				DEVELOPMENT_ASSET_PATHS = "\"MalatangChallenge/Preview Content\"";
				DEVELOPMENT_TEAM = GT56H2MYWV;
				ENABLE_PREVIEWS = YES;
				GENERATE_INFOPLIST_FILE = YES;
				INFOPLIST_FILE = Info.plist;
				INFOPLIST_KEY_UIApplicationSceneManifest_Generation = YES;
				INFOPLIST_KEY_UIApplicationSupportsIndirectInputEvents = YES;
				INFOPLIST_KEY_UILaunchScreen_Generation = YES;
				INFOPLIST_KEY_UISupportedInterfaceOrientations_iPad = "UIInterfaceOrientationPortrait UIInterfaceOrientationPortraitUpsideDown UIInterfaceOrientationLandscapeLeft UIInterfaceOrientationLandscapeRight";
				INFOPLIST_KEY_UISupportedInterfaceOrientations_iPhone = "UIInterfaceOrientationPortrait UIInterfaceOrientationLandscapeLeft UIInterfaceOrientationLandscapeRight";
				LD_RUNPATH_SEARCH_PATHS = (
					"$(inherited)",
					"@executable_path/Frameworks",
				);
				MARKETING_VERSION = 1.0;
				PRODUCT_BUNDLE_IDENTIFIER = com.hyegyuKim.MalatangChallenge;
				PRODUCT_NAME = "$(TARGET_NAME)";
				SWIFT_EMIT_LOC_STRINGS = YES;
				SWIFT_VERSION = 5.0;
				TARGETED_DEVICE_FAMILY = "1,2";
			};
			name = Debug;
		};
		64513D912CCE0AA800F25C1B /* Release */ = {
			isa = XCBuildConfiguration;
			buildSettings = {
				ASSETCATALOG_COMPILER_APPICON_NAME = AppIcon;
				ASSETCATALOG_COMPILER_GLOBAL_ACCENT_COLOR_NAME = AccentColor;
				CODE_SIGN_STYLE = Automatic;
				CURRENT_PROJECT_VERSION = 1;
				DEVELOPMENT_ASSET_PATHS = "\"MalatangChallenge/Preview Content\"";
				DEVELOPMENT_TEAM = GT56H2MYWV;
				ENABLE_PREVIEWS = YES;
				GENERATE_INFOPLIST_FILE = YES;
				INFOPLIST_FILE = Info.plist;
				INFOPLIST_KEY_UIApplicationSceneManifest_Generation = YES;
				INFOPLIST_KEY_UIApplicationSupportsIndirectInputEvents = YES;
				INFOPLIST_KEY_UILaunchScreen_Generation = YES;
				INFOPLIST_KEY_UISupportedInterfaceOrientations_iPad = "UIInterfaceOrientationPortrait UIInterfaceOrientationPortraitUpsideDown UIInterfaceOrientationLandscapeLeft UIInterfaceOrientationLandscapeRight";
				INFOPLIST_KEY_UISupportedInterfaceOrientations_iPhone = "UIInterfaceOrientationPortrait UIInterfaceOrientationLandscapeLeft UIInterfaceOrientationLandscapeRight";
				LD_RUNPATH_SEARCH_PATHS = (
					"$(inherited)",
					"@executable_path/Frameworks",
				);
				MARKETING_VERSION = 1.0;
				PRODUCT_BUNDLE_IDENTIFIER = com.hyegyuKim.MalatangChallenge;
				PRODUCT_NAME = "$(TARGET_NAME)";
				SWIFT_EMIT_LOC_STRINGS = YES;
				SWIFT_VERSION = 5.0;
				TARGETED_DEVICE_FAMILY = "1,2";
			};
			name = Release;
		};
		64513D932CCE0AA800F25C1B /* Debug */ = {
			isa = XCBuildConfiguration;
			buildSettings = {
				BUNDLE_LOADER = "$(TEST_HOST)";
				CODE_SIGN_STYLE = Automatic;
				CURRENT_PROJECT_VERSION = 1;
				DEVELOPMENT_TEAM = 2H928F4Z7L;
				GENERATE_INFOPLIST_FILE = YES;
				IPHONEOS_DEPLOYMENT_TARGET = 18.0;
				MARKETING_VERSION = 1.0;
				PRODUCT_BUNDLE_IDENTIFIER = com.hyegyuKim.MalatangChallengeTests;
				PRODUCT_NAME = "$(TARGET_NAME)";
				SWIFT_EMIT_LOC_STRINGS = NO;
				SWIFT_VERSION = 5.0;
				TARGETED_DEVICE_FAMILY = "1,2";
				TEST_HOST = "$(BUILT_PRODUCTS_DIR)/MalatangChallenge.app/$(BUNDLE_EXECUTABLE_FOLDER_PATH)/MalatangChallenge";
			};
			name = Debug;
		};
		64513D942CCE0AA800F25C1B /* Release */ = {
			isa = XCBuildConfiguration;
			buildSettings = {
				BUNDLE_LOADER = "$(TEST_HOST)";
				CODE_SIGN_STYLE = Automatic;
				CURRENT_PROJECT_VERSION = 1;
				DEVELOPMENT_TEAM = 2H928F4Z7L;
				GENERATE_INFOPLIST_FILE = YES;
				IPHONEOS_DEPLOYMENT_TARGET = 18.0;
				MARKETING_VERSION = 1.0;
				PRODUCT_BUNDLE_IDENTIFIER = com.hyegyuKim.MalatangChallengeTests;
				PRODUCT_NAME = "$(TARGET_NAME)";
				SWIFT_EMIT_LOC_STRINGS = NO;
				SWIFT_VERSION = 5.0;
				TARGETED_DEVICE_FAMILY = "1,2";
				TEST_HOST = "$(BUILT_PRODUCTS_DIR)/MalatangChallenge.app/$(BUNDLE_EXECUTABLE_FOLDER_PATH)/MalatangChallenge";
			};
			name = Release;
		};
		64513D962CCE0AA800F25C1B /* Debug */ = {
			isa = XCBuildConfiguration;
			buildSettings = {
				CODE_SIGN_STYLE = Automatic;
				CURRENT_PROJECT_VERSION = 1;
				DEVELOPMENT_TEAM = 2H928F4Z7L;
				GENERATE_INFOPLIST_FILE = YES;
				MARKETING_VERSION = 1.0;
				PRODUCT_BUNDLE_IDENTIFIER = com.hyegyuKim.MalatangChallengeUITests;
				PRODUCT_NAME = "$(TARGET_NAME)";
				SWIFT_EMIT_LOC_STRINGS = NO;
				SWIFT_VERSION = 5.0;
				TARGETED_DEVICE_FAMILY = "1,2";
				TEST_TARGET_NAME = MalatangChallenge;
			};
			name = Debug;
		};
		64513D972CCE0AA800F25C1B /* Release */ = {
			isa = XCBuildConfiguration;
			buildSettings = {
				CODE_SIGN_STYLE = Automatic;
				CURRENT_PROJECT_VERSION = 1;
				DEVELOPMENT_TEAM = 2H928F4Z7L;
				GENERATE_INFOPLIST_FILE = YES;
				MARKETING_VERSION = 1.0;
				PRODUCT_BUNDLE_IDENTIFIER = com.hyegyuKim.MalatangChallengeUITests;
				PRODUCT_NAME = "$(TARGET_NAME)";
				SWIFT_EMIT_LOC_STRINGS = NO;
				SWIFT_VERSION = 5.0;
				TARGETED_DEVICE_FAMILY = "1,2";
				TEST_TARGET_NAME = MalatangChallenge;
			};
			name = Release;
		};
/* End XCBuildConfiguration section */

/* Begin XCConfigurationList section */
		64513D662CCE0AA700F25C1B /* Build configuration list for PBXProject "MalatangChallenge" */ = {
			isa = XCConfigurationList;
			buildConfigurations = (
				64513D8D2CCE0AA800F25C1B /* Debug */,
				64513D8E2CCE0AA800F25C1B /* Release */,
			);
			defaultConfigurationIsVisible = 0;
			defaultConfigurationName = Release;
		};
		64513D8F2CCE0AA800F25C1B /* Build configuration list for PBXNativeTarget "MalatangChallenge" */ = {
			isa = XCConfigurationList;
			buildConfigurations = (
				64513D902CCE0AA800F25C1B /* Debug */,
				64513D912CCE0AA800F25C1B /* Release */,
			);
			defaultConfigurationIsVisible = 0;
			defaultConfigurationName = Release;
		};
		64513D922CCE0AA800F25C1B /* Build configuration list for PBXNativeTarget "MalatangChallengeTests" */ = {
			isa = XCConfigurationList;
			buildConfigurations = (
				64513D932CCE0AA800F25C1B /* Debug */,
				64513D942CCE0AA800F25C1B /* Release */,
			);
			defaultConfigurationIsVisible = 0;
			defaultConfigurationName = Release;
		};
		64513D952CCE0AA800F25C1B /* Build configuration list for PBXNativeTarget "MalatangChallengeUITests" */ = {
			isa = XCConfigurationList;
			buildConfigurations = (
				64513D962CCE0AA800F25C1B /* Debug */,
				64513D972CCE0AA800F25C1B /* Release */,
			);
			defaultConfigurationIsVisible = 0;
			defaultConfigurationName = Release;
		};
/* End XCConfigurationList section */
	};
	rootObject = 64513D632CCE0AA700F25C1B /* Project object */;
}
